
Microsoft Visual Studio Solution File, Format Version 12.00
Project("{FAE04EC0-301F-11D3-BF4B-00C04F79EFBC}") = "Chunk", "Chunk\Chunk.csproj", "{9CDE3540-83A7-42D1-A1B5-38D7B9C3733C}"
EndProject
Project("{FAE04EC0-301F-11D3-BF4B-00C04F79EFBC}") = "TryGetNonEnumeratedCount", "TryGetNonEnumeratedCount\TryGetNonEnumeratedCount.csproj", "{6CE8F867-E74D-48DB-9E9D-D93BBE61E9DB}"
EndProject
Project("{FAE04EC0-301F-11D3-BF4B-00C04F79EFBC}") = "Zip", "Zip\Zip.csproj", "{83F9201B-5EFF-4C26-AE30-FA87FDAC99D8}"
EndProject
Global
	GlobalSection(SolutionConfigurationPlatforms) = preSolution
		Debug|Any CPU = Debug|Any CPU
		Release|Any CPU = Release|Any CPU
	EndGlobalSection
	GlobalSection(ProjectConfigurationPlatforms) = postSolution
		{9CDE3540-83A7-42D1-A1B5-38D7B9C3733C}.Debug|Any CPU.ActiveCfg = Debug|Any CPU
		{9CDE3540-83A7-42D1-A1B5-38D7B9C3733C}.Debug|Any CPU.Build.0 = Debug|Any CPU
		{9CDE3540-83A7-42D1-A1B5-38D7B9C3733C}.Release|Any CPU.ActiveCfg = Release|Any CPU
		{9CDE3540-83A7-42D1-A1B5-38D7B9C3733C}.Release|Any CPU.Build.0 = Release|Any CPU
		{6CE8F867-E74D-48DB-9E9D-D93BBE61E9DB}.Debug|Any CPU.ActiveCfg = Debug|Any CPU
		{6CE8F867-E74D-48DB-9E9D-D93BBE61E9DB}.Debug|Any CPU.Build.0 = Debug|Any CPU
		{6CE8F867-E74D-48DB-9E9D-D93BBE61E9DB}.Release|Any CPU.ActiveCfg = Release|Any CPU
		{6CE8F867-E74D-48DB-9E9D-D93BBE61E9DB}.Release|Any CPU.Build.0 = Release|Any CPU
		{83F9201B-5EFF-4C26-AE30-FA87FDAC99D8}.Debug|Any CPU.ActiveCfg = Debug|Any CPU
		{83F9201B-5EFF-4C26-AE30-FA87FDAC99D8}.Debug|Any CPU.Build.0 = Debug|Any CPU
		{83F9201B-5EFF-4C26-AE30-FA87FDAC99D8}.Release|Any CPU.ActiveCfg = Release|Any CPU
		{83F9201B-5EFF-4C26-AE30-FA87FDAC99D8}.Release|Any CPU.Build.0 = Release|Any CPU
	EndGlobalSection
EndGlobal
